Microsoft Visual Studio Solution File, Format Version 12.00
# Visual Studio Version 17
VisualStudioVersion = 17.5.2.0
MinimumVisualStudioVersion = 10.0.40219.1
Project("{FAE04EC0-301F-11D3-BF4B-00C04F79EFBC}") = "Tugui", "Tugui.csproj", "{9430FC51-DC41-C4E8-02C5-7E3B2D3EC4B7}"
EndProject
Global
	GlobalSection(SolutionConfigurationPlatforms) = preSolution
		Debug|Any CPU = Debug|Any CPU
		Release|Any CPU = Release|Any CPU
	EndGlobalSection
	GlobalSection(ProjectConfigurationPlatforms) = postSolution
		{9430FC51-DC41-C4E8-02C5-7E3B2D3EC4B7}.Debug|Any CPU.ActiveCfg = Debug|Any CPU
		{9430FC51-DC41-C4E8-02C5-7E3B2D3EC4B7}.Debug|Any CPU.Build.0 = Debug|Any CPU
		{9430FC51-DC41-C4E8-02C5-7E3B2D3EC4B7}.Release|Any CPU.ActiveCfg = Release|Any CPU
		{9430FC51-DC41-C4E8-02C5-7E3B2D3EC4B7}.Release|Any CPU.Build.0 = Release|Any CPU
	EndGlobalSection
	GlobalSection(SolutionProperties) = preSolution
		HideSolutionNode = FALSE
	EndGlobalSection
	GlobalSection(ExtensibilityGlobals) = postSolution
		SolutionGuid = {F7EDFF45-27F7-494B-AA56-9F5290C76F60}
	EndGlobalSection
EndGlobal
